
Microsoft Visual Studio Solution File, Format Version 12.00
# Visual Studio Version 17
VisualStudioVersion = 17.9.34728.123
MinimumVisualStudioVersion = 10.0.40219.1
Project("{FAE04EC0-301F-11D3-BF4B-00C04F79EFBC}") = "JWT_TokenAuthentication_UserEmployee", "JWT_TokenAuthentication_UserEmployee\JWT_TokenAuthentication_UserEmployee.csproj", "{29DB4353-3243-4A3C-8C2C-C1C3B5D7C103}"
EndProject
Global
	GlobalSection(SolutionConfigurationPlatforms) = preSolution
		Debug|Any CPU = Debug|Any CPU
		Release|Any CPU = Release|Any CPU
	EndGlobalSection
	GlobalSection(ProjectConfigurationPlatforms) = postSolution
		{29DB4353-3243-4A3C-8C2C-C1C3B5D7C103}.Debug|Any CPU.ActiveCfg = Debug|Any CPU
		{29DB4353-3243-4A3C-8C2C-C1C3B5D7C103}.Debug|Any CPU.Build.0 = Debug|Any CPU
		{29DB4353-3243-4A3C-8C2C-C1C3B5D7C103}.Release|Any CPU.ActiveCfg = Release|Any CPU
		{29DB4353-3243-4A3C-8C2C-C1C3B5D7C103}.Release|Any CPU.Build.0 = Release|Any CPU
	EndGlobalSection
	GlobalSection(SolutionProperties) = preSolution
		HideSolutionNode = FALSE
	EndGlobalSection
	GlobalSection(ExtensibilityGlobals) = postSolution
		SolutionGuid = {CB4DFF8F-742B-4F50-9DD2-C11A9C326BFD}
	EndGlobalSection
EndGlobal
